version = 1
revision = 3
requires-python = ">=3.14"

[[package]]
name = "sql-to-nl"
version = "0.1.0"
source = { virtual = "." }
dependencies = [
    { name = "sqlglot" },
]

[package.metadata]
requires-dist = [{ name = "sqlglot", specifier = ">=30.13.0" }]

[[package]]
name = "sqlglot"
version = "30.13.0"
source = { registry = "https://pypi.org/simple" }
sdist = { url = "https://files.pythonhosted.org/packages/bf/62/6d5bd3169478b7f09e08ab3e50175d486a9e7f3a419b88fc9280ba564ab1/sqlglot-30.13.0.tar.gz", hash = "sha256:f0a6eb79de2fd6efe2689f8cf197caa4f08bfe77c7880315616fa4420b8ba2bf", size = 5932385, upload-time = "2026-07-20T20:16:54.873Z" }
wheels = [
    { url = "https://files.pythonhosted.org/packages/f2/2f/2076eca54f6a8ed1c86301bdb4bb2ae4181b0c1c4dbc041062ca997dc1b2/sqlglot-30.13.0-py3-none-any.whl", hash = "sha256:08f87ff7b052246d61b731628c8c2db0bc91f2c9e69f5ba68a1d160a9f5b49b1", size = 719120, upload-time = "2026-07-20T20:16:53.248Z" },
]
